
Microsoft Visual Studio Solution File, Format Version 12.00
# Visual Studio 15
VisualStudioVersion = 15.0.27428.2043
MinimumVisualStudioVersion = 10.0.40219.1
Project("{FAE04EC0-301F-11D3-BF4B-00C04F79EFBC}") = "ApiFacade", "ApiFacade\ApiFacade.csproj", "{47808270-66FF-4AD8-809F-DB7A11B19ABC}"
EndProject
Global
	GlobalSection(SolutionConfigurationPlatforms) = preSolution
		Debug|Any CPU = Debug|Any CPU
		Release|Any CPU = Release|Any CPU
	EndGlobalSection
	GlobalSection(ProjectConfigurationPlatforms) = postSolution
		{47808270-66FF-4AD8-809F-DB7A11B19ABC}.Debug|Any CPU.ActiveCfg = Debug|Any CPU
		{47808270-66FF-4AD8-809F-DB7A11B19ABC}.Debug|Any CPU.Build.0 = Debug|Any CPU
		{47808270-66FF-4AD8-809F-DB7A11B19ABC}.Release|Any CPU.ActiveCfg = Release|Any CPU
		{47808270-66FF-4AD8-809F-DB7A11B19ABC}.Release|Any CPU.Build.0 = Release|Any CPU
	EndGlobalSection
	GlobalSection(SolutionProperties) = preSolution
		HideSolutionNode = FALSE
	EndGlobalSection
	GlobalSection(ExtensibilityGlobals) = postSolution
		SolutionGuid = {C0489868-05B8-47F1-B835-82B05241EEE0}
	EndGlobalSection
EndGlobal
